
Microsoft Visual Studio Solution File, Format Version 12.00
# Visual Studio 14
VisualStudioVersion = 14.0.25123.0
MinimumVisualStudioVersion = 10.0.40219.1
Project("{2150E333-8FDC-42A3-9474-1A3956D46DE8}") = "1 - Presentation", "1 - Presentation", "{6A30C06C-0513-49D2-98C6-F3116191104B}"
EndProject
Project("{FAE04EC0-301F-11D3-BF4B-00C04F79EFBC}") = "MVC", "MVC\MVC.csproj", "{A6E158B7-7262-42A1-9F4F-1E993470BC46}"
EndProject
Project("{2150E333-8FDC-42A3-9474-1A3956D46DE8}") = "2 - Domain", "2 - Domain", "{66DFCE99-4160-4C3F-B74A-6A63CA6A27E7}"
EndProject
Project("{2150E333-8FDC-42A3-9474-1A3956D46DE8}") = "4 - Infra", "4 - Infra", "{D4014613-F844-4E0A-8ABE-38C3AC79DDC8}"
EndProject
Project("{2150E333-8FDC-42A3-9474-1A3956D46DE8}") = "4.1 - Data", "4.1 - Data", "{BA6B0F14-7EDC-4E52-88AD-1EFDFBB31249}"
EndProject
Project("{2150E333-8FDC-42A3-9474-1A3956D46DE8}") = "4.1 - CrossCutting", "4.1 - CrossCutting", "{80CC763A-CD3F-4476-A379-44FCF5E82078}"
EndProject
Project("{FAE04EC0-301F-11D3-BF4B-00C04F79EFBC}") = "Infra.CrossCutting.Identity", "Infra.CrossCutting.Identity\Infra.CrossCutting.Identity.csproj", "{7F5BCE1E-C3DE-43DC-8FC1-4BCDC84A8AD7}"
EndProject
Project("{FAE04EC0-301F-11D3-BF4B-00C04F79EFBC}") = "Domain", "Domain\Domain.csproj", "{2BF13836-886F-44BA-80A0-0AC565194A94}"
EndProject
Project("{FAE04EC0-301F-11D3-BF4B-00C04F79EFBC}") = "Infra.Data", "Infra.Data\Infra.Data.csproj", "{0AF795F4-EA53-4F49-94AD-2A0C37A35892}"
EndProject
Project("{2150E333-8FDC-42A3-9474-1A3956D46DE8}") = "5 - Unit Test", "5 - Unit Test", "{971A5CCF-D715-42F2-84DB-DE6BEE7CDA99}"
EndProject
Project("{FAE04EC0-301F-11D3-BF4B-00C04F79EFBC}") = "UnitTest", "UnitTest\UnitTest.csproj", "{C600E2DE-B362-4AE6-B2CD-100A55813A71}"
EndProject
Project("{2150E333-8FDC-42A3-9474-1A3956D46DE8}") = "3 - Application", "3 - Application", "{4891A61C-97ED-4EB8-ABE8-4ADD5705528A}"
EndProject
Project("{FAE04EC0-301F-11D3-BF4B-00C04F79EFBC}") = "UsuarioADManager", "UsuarioADManager\UsuarioADManager.csproj", "{DBCFA287-7D2B-4466-93E4-9E58655F7D23}"
EndProject
Global
	GlobalSection(SolutionConfigurationPlatforms) = preSolution
		Debug|Any CPU = Debug|Any CPU
		Release|Any CPU = Release|Any CPU
	EndGlobalSection
	GlobalSection(ProjectConfigurationPlatforms) = postSolution
		{A6E158B7-7262-42A1-9F4F-1E993470BC46}.Debug|Any CPU.ActiveCfg = Debug|Any CPU
		{A6E158B7-7262-42A1-9F4F-1E993470BC46}.Debug|Any CPU.Build.0 = Debug|Any CPU
		{A6E158B7-7262-42A1-9F4F-1E993470BC46}.Release|Any CPU.ActiveCfg = Release|Any CPU
		{A6E158B7-7262-42A1-9F4F-1E993470BC46}.Release|Any CPU.Build.0 = Release|Any CPU
		{7F5BCE1E-C3DE-43DC-8FC1-4BCDC84A8AD7}.Debug|Any CPU.ActiveCfg = Debug|Any CPU
		{7F5BCE1E-C3DE-43DC-8FC1-4BCDC84A8AD7}.Debug|Any CPU.Build.0 = Debug|Any CPU
		{7F5BCE1E-C3DE-43DC-8FC1-4BCDC84A8AD7}.Release|Any CPU.ActiveCfg = Release|Any CPU
		{7F5BCE1E-C3DE-43DC-8FC1-4BCDC84A8AD7}.Release|Any CPU.Build.0 = Release|Any CPU
		{2BF13836-886F-44BA-80A0-0AC565194A94}.Debug|Any CPU.ActiveCfg = Debug|Any CPU
		{2BF13836-886F-44BA-80A0-0AC565194A94}.Debug|Any CPU.Build.0 = Debug|Any CPU
		{2BF13836-886F-44BA-80A0-0AC565194A94}.Release|Any CPU.ActiveCfg = Release|Any CPU
		{2BF13836-886F-44BA-80A0-0AC565194A94}.Release|Any CPU.Build.0 = Release|Any CPU
		{0AF795F4-EA53-4F49-94AD-2A0C37A35892}.Debug|Any CPU.ActiveCfg = Debug|Any CPU
		{0AF795F4-EA53-4F49-94AD-2A0C37A35892}.Debug|Any CPU.Build.0 = Debug|Any CPU
		{0AF795F4-EA53-4F49-94AD-2A0C37A35892}.Release|Any CPU.ActiveCfg = Release|Any CPU
		{0AF795F4-EA53-4F49-94AD-2A0C37A35892}.Release|Any CPU.Build.0 = Release|Any CPU
		{C600E2DE-B362-4AE6-B2CD-100A55813A71}.Debug|Any CPU.ActiveCfg = Debug|Any CPU
		{C600E2DE-B362-4AE6-B2CD-100A55813A71}.Debug|Any CPU.Build.0 = Debug|Any CPU
		{C600E2DE-B362-4AE6-B2CD-100A55813A71}.Release|Any CPU.ActiveCfg = Release|Any CPU
		{C600E2DE-B362-4AE6-B2CD-100A55813A71}.Release|Any CPU.Build.0 = Release|Any CPU
		{DBCFA287-7D2B-4466-93E4-9E58655F7D23}.Debug|Any CPU.ActiveCfg = Debug|Any CPU
		{DBCFA287-7D2B-4466-93E4-9E58655F7D23}.Debug|Any CPU.Build.0 = Debug|Any CPU
		{DBCFA287-7D2B-4466-93E4-9E58655F7D23}.Release|Any CPU.ActiveCfg = Release|Any CPU
		{DBCFA287-7D2B-4466-93E4-9E58655F7D23}.Release|Any CPU.Build.0 = Release|Any CPU
	EndGlobalSection
	GlobalSection(SolutionProperties) = preSolution
		HideSolutionNode = FALSE
	EndGlobalSection
	GlobalSection(NestedProjects) = preSolution
		{A6E158B7-7262-42A1-9F4F-1E993470BC46} = {6A30C06C-0513-49D2-98C6-F3116191104B}
		{BA6B0F14-7EDC-4E52-88AD-1EFDFBB31249} = {D4014613-F844-4E0A-8ABE-38C3AC79DDC8}
		{80CC763A-CD3F-4476-A379-44FCF5E82078} = {D4014613-F844-4E0A-8ABE-38C3AC79DDC8}
		{7F5BCE1E-C3DE-43DC-8FC1-4BCDC84A8AD7} = {80CC763A-CD3F-4476-A379-44FCF5E82078}
		{2BF13836-886F-44BA-80A0-0AC565194A94} = {66DFCE99-4160-4C3F-B74A-6A63CA6A27E7}
		{0AF795F4-EA53-4F49-94AD-2A0C37A35892} = {BA6B0F14-7EDC-4E52-88AD-1EFDFBB31249}
		{C600E2DE-B362-4AE6-B2CD-100A55813A71} = {971A5CCF-D715-42F2-84DB-DE6BEE7CDA99}
		{DBCFA287-7D2B-4466-93E4-9E58655F7D23} = {4891A61C-97ED-4EB8-ABE8-4ADD5705528A}
	EndGlobalSection
EndGlobal
